{
  "name": "envshape-cli",
  "version": "0.1.1",
  "lockfileVersion": 3,
  "requires": true,
  "packages": {
    "": {
      "name": "envshape-cli",
      "version": "0.1.1",
      "license": "MIT",
      "bin": {
        "envshape": "src/cli.js",
        "envshape-cli": "src/cli.js"
      },
      "engines": {
        "node": ">=20"
      }
    }
  }
}
